// !$*UTF8*$!
{
	archiveVersion = 1;
	classes = {
	};
	objectVersion = 77;
	objects = {

/* Begin PBXBuildFile section */
		E0E849BE2DF68C0D009C458C /* FirebaseAuth in Frameworks */ = {isa = PBXBuildFile; productRef = E0E849BD2DF68C0D009C458C /* FirebaseAuth */; };
		E0E849C02DF68C0D009C458C /* FirebaseCore in Frameworks */ = {isa = PBXBuildFile; productRef = E0E849BF2DF68C0D009C458C /* FirebaseCore */; };
		E0E849C22DF68C0D009C458C /* FirebaseDatabase in Frameworks */ = {isa = PBXBuildFile; productRef = E0E849C12DF68C0D009C458C /* FirebaseDatabase */; };
		E0E849C42DF68C0D009C458C /* FirebaseFirestore in Frameworks */ = {isa = PBXBuildFile; productRef = E0E849C32DF68C0D009C458C /* FirebaseFirestore */; };
		E0E849C62DF68C0D009C458C /* FirebaseStorage in Frameworks */ = {isa = PBXBuildFile; productRef = E0E849C52DF68C0D009C458C /* FirebaseStorage */; };
/* End PBXBuildFile section */

/* Begin PBXContainerItemProxy section */
		1D4EED5A2DDC11C90047CA58 /* PBXContainerItemProxy */ = {
			isa = PBXContainerItemProxy;
			containerPortal = 1D4EED442DDC11C80047CA58 /* Project object */;
			proxyType = 1;
			remoteGlobalIDString = 1D4EED4B2DDC11C80047CA58;
			remoteInfo = SoleMate;
		};
		1D4EED642DDC11C90047CA58 /* PBXContainerItemProxy */ = {
			isa = PBXContainerItemProxy;
			containerPortal = 1D4EED442DDC11C80047CA58 /* Project object */;
			proxyType = 1;
			remoteGlobalIDString = 1D4EED4B2DDC11C80047CA58;
			remoteInfo = SoleMate;
		};
/* End PBXContainerItemProxy section */

/* Begin PBXFileReference section */
		1D4EED4C2DDC11C80047CA58 /* SoleMate.app */ = {isa = PBXFileReference; explicitFileType = wrapper.application; includeInIndex = 0; path = SoleMate.app; sourceTree = BUILT_PRODUCTS_DIR; };
		1D4EED592DDC11C90047CA58 /* SoleMateTests.xctest */ = {isa = PBXFileReference; explicitFileType = wrapper.cfbundle; includeInIndex = 0; path = SoleMateTests.xctest; sourceTree = BUILT_PRODUCTS_DIR; };
		1D4EED632DDC11C90047CA58 /* SoleMateUITests.xctest */ = {isa = PBXFileReference; explicitFileType = wrapper.cfbundle; includeInIndex = 0; path = SoleMateUITests.xctest; sourceTree = BUILT_PRODUCTS_DIR; };
/* End PBXFileReference section */

/* Begin PBXFileSystemSynchronizedRootGroup section */
		1D4EED4E2DDC11C80047CA58 /* SoleMate */ = {
			isa = PBXFileSystemSynchronizedRootGroup;
			path = SoleMate;
			sourceTree = "<group>";
		};
		1D4EED5C2DDC11C90047CA58 /* SoleMateTests */ = {
			isa = PBXFileSystemSynchronizedRootGroup;
			path = SoleMateTests;
			sourceTree = "<group>";
		};
		1D4EED662DDC11C90047CA58 /* SoleMateUITests */ = {
			isa = PBXFileSystemSynchronizedRootGroup;
			path = SoleMateUITests;
			sourceTree = "<group>";
		};
/* End PBXFileSystemSynchronizedRootGroup section */

/* Begin PBXFrameworksBuildPhase section */
		1D4EED492DDC11C80047CA58 /* Frameworks */ = {
			isa = PBXFrameworksBuildPhase;
			buildActionMask = 2147483647;
			files = (
				E0E849C22DF68C0D009C458C /* FirebaseDatabase in Frameworks */,
				E0E849C42DF68C0D009C458C /* FirebaseFirestore in Frameworks */,
				E0E849C02DF68C0D009C458C /* FirebaseCore in Frameworks */,
				E0E849C62DF68C0D009C458C /* FirebaseStorage in Frameworks */,
				E0E849BE2DF68C0D009C458C /* FirebaseAuth in Frameworks */,
			);
			runOnlyForDeploymentPostprocessing = 0;
		};
		1D4EED562DDC11C90047CA58 /* Frameworks */ = {
			isa = PBXFrameworksBuildPhase;
			buildActionMask = 2147483647;
			files = (
			);
			runOnlyForDeploymentPostprocessing = 0;
		};
		1D4EED602DDC11C90047CA58 /* Frameworks */ = {
			isa = PBXFrameworksBuildPhase;
			buildActionMask = 2147483647;
			files = (
			);
			runOnlyForDeploymentPostprocessing = 0;
		};
/* End PBXFrameworksBuildPhase section */

/* Begin PBXGroup section */
		1D4EED432DDC11C80047CA58 = {
			isa = PBXGroup;
			children = (
				1D4EED4E2DDC11C80047CA58 /* SoleMate */,
				1D4EED5C2DDC11C90047CA58 /* SoleMateTests */,
				1D4EED662DDC11C90047CA58 /* SoleMateUITests */,
				1D4EED4D2DDC11C80047CA58 /* Products */,
			);
			sourceTree = "<group>";
		};
		1D4EED4D2DDC11C80047CA58 /* Products */ = {
			isa = PBXGroup;
			children = (
				1D4EED4C2DDC11C80047CA58 /* SoleMate.app */,
				1D4EED592DDC11C90047CA58 /* SoleMateTests.xctest */,
				1D4EED632DDC11C90047CA58 /* SoleMateUITests.xctest */,
			);
			name = Products;
			sourceTree = "<group>";
		};
/* End PBXGroup section */

/* Begin PBXNativeTarget section */
		1D4EED4B2DDC11C80047CA58 /* SoleMate */ = {
			isa = PBXNativeTarget;
			buildConfigurationList = 1D4EED6D2DDC11C90047CA58 /* Build configuration list for PBXNativeTarget "SoleMate" */;
			buildPhases = (
				1D4EED482DDC11C80047CA58 /* Sources */,
				1D4EED492DDC11C80047CA58 /* Frameworks */,
				1D4EED4A2DDC11C80047CA58 /* Resources */,
			);
			buildRules = (
			);
			dependencies = (
			);
			fileSystemSynchronizedGroups = (
				1D4EED4E2DDC11C80047CA58 /* SoleMate */,
			);
			name = SoleMate;
			packageProductDependencies = (
				E0E849BD2DF68C0D009C458C /* FirebaseAuth */,
				E0E849BF2DF68C0D009C458C /* FirebaseCore */,
				E0E849C12DF68C0D009C458C /* FirebaseDatabase */,
				E0E849C32DF68C0D009C458C /* FirebaseFirestore */,
				E0E849C52DF68C0D009C458C /* FirebaseStorage */,
			);
			productName = SoleMate;
			productReference = 1D4EED4C2DDC11C80047CA58 /* SoleMate.app */;
			productType = "com.apple.product-type.application";
		};
		1D4EED582DDC11C90047CA58 /* SoleMateTests */ = {
			isa = PBXNativeTarget;
			buildConfigurationList = 1D4EED702DDC11C90047CA58 /* Build configuration list for PBXNativeTarget "SoleMateTests" */;
			buildPhases = (
				1D4EED552DDC11C90047CA58 /* Sources */,
				1D4EED562DDC11C90047CA58 /* Frameworks */,
				1D4EED572DDC11C90047CA58 /* Resources */,
			);
			buildRules = (
			);
			dependencies = (
				1D4EED5B2DDC11C90047CA58 /* PBXTargetDependency */,
			);
			fileSystemSynchronizedGroups = (
				1D4EED5C2DDC11C90047CA58 /* SoleMateTests */,
			);
			name = SoleMateTests;
			packageProductDependencies = (
			);
			productName = SoleMateTests;
			productReference = 1D4EED592DDC11C90047CA58 /* SoleMateTests.xctest */;
			productType = "com.apple.product-type.bundle.unit-test";
		};
		1D4EED622DDC11C90047CA58 /* SoleMateUITests */ = {
			isa = PBXNativeTarget;
			buildConfigurationList = 1D4EED732DDC11C90047CA58 /* Build configuration list for PBXNativeTarget "SoleMateUITests" */;
			buildPhases = (
				1D4EED5F2DDC11C90047CA58 /* Sources */,
				1D4EED602DDC11C90047CA58 /* Frameworks */,
				1D4EED612DDC11C90047CA58 /* Resources */,
			);
			buildRules = (
			);
			dependencies = (
				1D4EED652DDC11C90047CA58 /* PBXTargetDependency */,
			);
			fileSystemSynchronizedGroups = (
				1D4EED662DDC11C90047CA58 /* SoleMateUITests */,
			);
			name = SoleMateUITests;
			packageProductDependencies = (
			);
			productName = SoleMateUITests;
			productReference = 1D4EED632DDC11C90047CA58 /* SoleMateUITests.xctest */;
			productType = "com.apple.product-type.bundle.ui-testing";
		};
/* End PBXNativeTarget section */

/* Begin PBXProject section */
		1D4EED442DDC11C80047CA58 /* Project object */ = {
			isa = PBXProject;
			attributes = {
				BuildIndependentTargetsInParallel = 1;
				LastSwiftUpdateCheck = 1630;
				LastUpgradeCheck = 1630;
				TargetAttributes = {
					1D4EED4B2DDC11C80047CA58 = {
						CreatedOnToolsVersion = 16.3;
					};
					1D4EED582DDC11C90047CA58 = {
						CreatedOnToolsVersion = 16.3;
						TestTargetID = 1D4EED4B2DDC11C80047CA58;
					};
					1D4EED622DDC11C90047CA58 = {
						CreatedOnToolsVersion = 16.3;
						TestTargetID = 1D4EED4B2DDC11C80047CA58;
					};
				};
			};
			buildConfigurationList = 1D4EED472DDC11C80047CA58 /* Build configuration list for PBXProject "SoleMate" */;
			developmentRegion = en;
			hasScannedForEncodings = 0;
			knownRegions = (
				en,
				Base,
			);
			mainGroup = 1D4EED432DDC11C80047CA58;
			minimizedProjectReferenceProxies = 1;
			packageReferences = (
				E0E849BC2DF68C0D009C458C /* XCRemoteSwiftPackageReference "firebase-ios-sdk" */,
			);
			preferredProjectObjectVersion = 77;
			productRefGroup = 1D4EED4D2DDC11C80047CA58 /* Products */;
			projectDirPath = "";
			projectRoot = "";
			targets = (
				1D4EED4B2DDC11C80047CA58 /* SoleMate */,
				1D4EED582DDC11C90047CA58 /* SoleMateTests */,
				1D4EED622DDC11C90047CA58 /* SoleMateUITests */,
			);
		};
/* End PBXProject section */

/* Begin PBXResourcesBuildPhase section */
		1D4EED4A2DDC11C80047CA58 /* Resources */ = {
			isa = PBXResourcesBuildPhase;
			buildActionMask = 2147483647;
			files = (
			);
			runOnlyForDeploymentPostprocessing = 0;
		};
		1D4EED572DDC11C90047CA58 /* Resources */ = {
			isa = PBXResourcesBuildPhase;
			buildActionMask = 2147483647;
			files = (
			);
			runOnlyForDeploymentPostprocessing = 0;
		};
		1D4EED612DDC11C90047CA58 /* Resources */ = {
			isa = PBXResourcesBuildPhase;
			buildActionMask = 2147483647;
			files = (
			);
			runOnlyForDeploymentPostprocessing = 0;
		};
/* End PBXResourcesBuildPhase section */

/* Begin PBXSourcesBuildPhase section */
		1D4EED482DDC11C80047CA58 /* Sources */ = {
			isa = PBXSourcesBuildPhase;
			buildActionMask = 2147483647;
			files = (
			);
			runOnlyForDeploymentPostprocessing = 0;
		};
		1D4EED552DDC11C90047CA58 /* Sources */ = {
			isa = PBXSourcesBuildPhase;
			buildActionMask = 2147483647;
			files = (
			);
			runOnlyForDeploymentPostprocessing = 0;
		};
		1D4EED5F2DDC11C90047CA58 /* Sources */ = {
			isa = PBXSourcesBuildPhase;
			buildActionMask = 2147483647;
			files = (
			);
			runOnlyForDeploymentPostprocessing = 0;
		};
/* End PBXSourcesBuildPhase section */

/* Begin PBXTargetDependency section */
		1D4EED5B2DDC11C90047CA58 /* PBXTargetDependency */ = {
			isa = PBXTargetDependency;
			target = 1D4EED4B2DDC11C80047CA58 /* SoleMate */;
			targetProxy = 1D4EED5A2DDC11C90047CA58 /* PBXContainerItemProxy */;
		};
		1D4EED652DDC11C90047CA58 /* PBXTargetDependency */ = {
			isa = PBXTargetDependency;
			target = 1D4EED4B2DDC11C80047CA58 /* SoleMate */;
			targetProxy = 1D4EED642DDC11C90047CA58 /* PBXContainerItemProxy */;
		};
/* End PBXTargetDependency section */

/* Begin XCBuildConfiguration section */
		1D4EED6B2DDC11C90047CA58 /* Debug */ = {
			isa = XCBuildConfiguration;
			buildSettings = {
				ALWAYS_SEARCH_USER_PATHS = NO;
				ASSETCATALOG_COMPILER_GENERATE_SWIFT_ASSET_SYMBOL_EXTENSIONS = YES;
				CLANG_ANALYZER_NONNULL = YES;
				CLANG_ANALYZER_NUMBER_OBJECT_CONVERSION = YES_AGGRESSIVE;
				CLANG_CXX_LANGUAGE_STANDARD = "gnu++20";
				CLANG_ENABLE_MODULES = YES;
				CLANG_ENABLE_OBJC_ARC = YES;
				CLANG_ENABLE_OBJC_WEAK = YES;
				CLANG_WARN_BLOCK_CAPTURE_AUTORELEASING = YES;
				CLANG_WARN_BOOL_CONVERSION = YES;
				CLANG_WARN_COMMA = YES;
				CLANG_WARN_CONSTANT_CONVERSION = YES;
				CLANG_WARN_DEPRECATED_OBJC_IMPLEMENTATIONS = YES;
				CLANG_WARN_DIRECT_OBJC_ISA_USAGE = YES_ERROR;
				CLANG_WARN_DOCUMENTATION_COMMENTS = YES;
				CLANG_WARN_EMPTY_BODY = YES;
				CLANG_WARN_ENUM_CONVERSION = YES;
				CLANG_WARN_INFINITE_RECURSION = YES;
				CLANG_WARN_INT_CONVERSION = YES;
				CLANG_WARN_NON_LITERAL_NULL_CONVERSION = YES;
				CLANG_WARN_OBJC_IMPLICIT_RETAIN_SELF = YES;
				CLANG_WARN_OBJC_LITERAL_CONVERSION = YES;
				CLANG_WARN_OBJC_ROOT_CLASS = YES_ERROR;
				CLANG_WARN_QUOTED_INCLUDE_IN_FRAMEWORK_HEADER = YES;
				CLANG_WARN_RANGE_LOOP_ANALYSIS = YES;
				CLANG_WARN_STRICT_PROTOTYPES = YES;
				CLANG_WARN_SUSPICIOUS_MOVE = YES;
				CLANG_WARN_UNGUARDED_AVAILABILITY = YES_AGGRESSIVE;
				CLANG_WARN_UNREACHABLE_CODE = YES;
				CLANG_WARN__DUPLICATE_METHOD_MATCH = YES;
				COPY_PHASE_STRIP = NO;
				DEBUG_INFORMATION_FORMAT = dwarf;
				DEVELOPMENT_TEAM = 39P5KUQM7Y;
				ENABLE_STRICT_OBJC_MSGSEND = YES;
				ENABLE_TESTABILITY = YES;
				ENABLE_USER_SCRIPT_SANDBOXING = YES;
				GCC_C_LANGUAGE_STANDARD = gnu17;
				GCC_DYNAMIC_NO_PIC = NO;
				GCC_NO_COMMON_BLOCKS = YES;
				GCC_OPTIMIZATION_LEVEL = 0;
				GCC_PREPROCESSOR_DEFINITIONS = (
					"DEBUG=1",
					"$(inherited)",
				);
				GCC_WARN_64_TO_32_BIT_CONVERSION = YES;
				GCC_WARN_ABOUT_RETURN_TYPE = YES_ERROR;
				GCC_WARN_UNDECLARED_SELECTOR = YES;
				GCC_WARN_UNINITIALIZED_AUTOS = YES_AGGRESSIVE;
				GCC_WARN_UNUSED_FUNCTION = YES;
				GCC_WARN_UNUSED_VARIABLE = YES;
				IPHONEOS_DEPLOYMENT_TARGET = 18.4;
				LOCALIZATION_PREFERS_STRING_CATALOGS = YES;
				MTL_ENABLE_DEBUG_INFO = INCLUDE_SOURCE;
				MTL_FAST_MATH = YES;
				ONLY_ACTIVE_ARCH = YES;
				SDKROOT = iphoneos;
				SWIFT_ACTIVE_COMPILATION_CONDITIONS = "DEBUG $(inherited)";
				SWIFT_OPTIMIZATION_LEVEL = "-Onone";
			};
			name = Debug;
		};
		1D4EED6C2DDC11C90047CA58 /* Release */ = {
			isa = XCBuildConfiguration;
			buildSettings = {
				ALWAYS_SEARCH_USER_PATHS = NO;
				ASSETCATALOG_COMPILER_GENERATE_SWIFT_ASSET_SYMBOL_EXTENSIONS = YES;
				CLANG_ANALYZER_NONNULL = YES;
				CLANG_ANALYZER_NUMBER_OBJECT_CONVERSION = YES_AGGRESSIVE;
				CLANG_CXX_LANGUAGE_STANDARD = "gnu++20";
				CLANG_ENABLE_MODULES = YES;
				CLANG_ENABLE_OBJC_ARC = YES;
				CLANG_ENABLE_OBJC_WEAK = YES;
				CLANG_WARN_BLOCK_CAPTURE_AUTORELEASING = YES;
				CLANG_WARN_BOOL_CONVERSION = YES;
				CLANG_WARN_COMMA = YES;
				CLANG_WARN_CONSTANT_CONVERSION = YES;
				CLANG_WARN_DEPRECATED_OBJC_IMPLEMENTATIONS = YES;
				CLANG_WARN_DIRECT_OBJC_ISA_USAGE = YES_ERROR;
				CLANG_WARN_DOCUMENTATION_COMMENTS = YES;
				CLANG_WARN_EMPTY_BODY = YES;
				CLANG_WARN_ENUM_CONVERSION = YES;
				CLANG_WARN_INFINITE_RECURSION = YES;
				CLANG_WARN_INT_CONVERSION = YES;
				CLANG_WARN_NON_LITERAL_NULL_CONVERSION = YES;
				CLANG_WARN_OBJC_IMPLICIT_RETAIN_SELF = YES;
				CLANG_WARN_OBJC_LITERAL_CONVERSION = YES;
				CLANG_WARN_OBJC_ROOT_CLASS = YES_ERROR;
				CLANG_WARN_QUOTED_INCLUDE_IN_FRAMEWORK_HEADER = YES;
				CLANG_WARN_RANGE_LOOP_ANALYSIS = YES;
				CLANG_WARN_STRICT_PROTOTYPES = YES;
				CLANG_WARN_SUSPICIOUS_MOVE = YES;
				CLANG_WARN_UNGUARDED_AVAILABILITY = YES_AGGRESSIVE;
				CLANG_WARN_UNREACHABLE_CODE = YES;
				CLANG_WARN__DUPLICATE_METHOD_MATCH = YES;
				COPY_PHASE_STRIP = NO;
				DEBUG_INFORMATION_FORMAT = "dwarf-with-dsym";
				DEVELOPMENT_TEAM = 39P5KUQM7Y;
				ENABLE_NS_ASSERTIONS = NO;
				ENABLE_STRICT_OBJC_MSGSEND = YES;
				ENABLE_USER_SCRIPT_SANDBOXING = YES;
				GCC_C_LANGUAGE_STANDARD = gnu17;
				GCC_NO_COMMON_BLOCKS = YES;
				GCC_WARN_64_TO_32_BIT_CONVERSION = YES;
				GCC_WARN_ABOUT_RETURN_TYPE = YES_ERROR;
				GCC_WARN_UNDECLARED_SELECTOR = YES;
				GCC_WARN_UNINITIALIZED_AUTOS = YES_AGGRESSIVE;
				GCC_WARN_UNUSED_FUNCTION = YES;
				GCC_WARN_UNUSED_VARIABLE = YES;
				IPHONEOS_DEPLOYMENT_TARGET = 18.4;
				LOCALIZATION_PREFERS_STRING_CATALOGS = YES;
				MTL_ENABLE_DEBUG_INFO = NO;
				MTL_FAST_MATH = YES;
				SDKROOT = iphoneos;
				SWIFT_COMPILATION_MODE = wholemodule;
				VALIDATE_PRODUCT = YES;
			};
			name = Release;
		};
		1D4EED6E2DDC11C90047CA58 /* Debug */ = {
			isa = XCBuildConfiguration;
			buildSettings = {
				ASSETCATALOG_COMPILER_APPICON_NAME = AppIcon;
				ASSETCATALOG_COMPILER_GLOBAL_ACCENT_COLOR_NAME = AccentColor;
				CODE_SIGN_STYLE = Automatic;
				CURRENT_PROJECT_VERSION = 1;
				DEVELOPMENT_TEAM = Y9P7MGL9AC;
				ENABLE_PREVIEWS = YES;
				GENERATE_INFOPLIST_FILE = YES;
				INFOPLIST_KEY_UIApplicationSceneManifest_Generation = YES;
				INFOPLIST_KEY_UIApplicationSupportsIndirectInputEvents = YES;
				INFOPLIST_KEY_UILaunchScreen_Generation = YES;
				INFOPLIST_KEY_UISupportedInterfaceOrientations_iPad = "UIInterfaceOrientationPortrait UIInterfaceOrientationPortraitUpsideDown UIInterfaceOrientationLandscapeLeft UIInterfaceOrientationLandscapeRight";
				INFOPLIST_KEY_UISupportedInterfaceOrientations_iPhone = "UIInterfaceOrientationPortrait UIInterfaceOrientationLandscapeLeft UIInterfaceOrientationLandscapeRight";
				LD_RUNPATH_SEARCH_PATHS = (
					"$(inherited)",
					"@executable_path/Frameworks",
				);
				MARKETING_VERSION = 1.0;
				PRODUCT_BUNDLE_IDENTIFIER = edu.uw.ischool.yl0517.SoleMateTests;
				PRODUCT_NAME = "$(TARGET_NAME)";
				SWIFT_EMIT_LOC_STRINGS = YES;
				SWIFT_VERSION = 5.0;
				TARGETED_DEVICE_FAMILY = "1,2";
			};
			name = Debug;
		};
		1D4EED6F2DDC11C90047CA58 /* Release */ = {
			isa = XCBuildConfiguration;
			buildSettings = {
				ASSETCATALOG_COMPILER_APPICON_NAME = AppIcon;
				ASSETCATALOG_COMPILER_GLOBAL_ACCENT_COLOR_NAME = AccentColor;
				CODE_SIGN_STYLE = Automatic;
				CURRENT_PROJECT_VERSION = 1;
				DEVELOPMENT_TEAM = Y9P7MGL9AC;
				ENABLE_PREVIEWS = YES;
				GENERATE_INFOPLIST_FILE = YES;
				INFOPLIST_KEY_UIApplicationSceneManifest_Generation = YES;
				INFOPLIST_KEY_UIApplicationSupportsIndirectInputEvents = YES;
				INFOPLIST_KEY_UILaunchScreen_Generation = YES;
				INFOPLIST_KEY_UISupportedInterfaceOrientations_iPad = "UIInterfaceOrientationPortrait UIInterfaceOrientationPortraitUpsideDown UIInterfaceOrientationLandscapeLeft UIInterfaceOrientationLandscapeRight";
				INFOPLIST_KEY_UISupportedInterfaceOrientations_iPhone = "UIInterfaceOrientationPortrait UIInterfaceOrientationLandscapeLeft UIInterfaceOrientationLandscapeRight";
				LD_RUNPATH_SEARCH_PATHS = (
					"$(inherited)",
					"@executable_path/Frameworks",
				);
				MARKETING_VERSION = 1.0;
				PRODUCT_BUNDLE_IDENTIFIER = edu.uw.ischool.yl0517.SoleMateTests;
				PRODUCT_NAME = "$(TARGET_NAME)";
				SWIFT_EMIT_LOC_STRINGS = YES;
				SWIFT_VERSION = 5.0;
				TARGETED_DEVICE_FAMILY = "1,2";
			};
			name = Release;
		};
		1D4EED712DDC11C90047CA58 /* Debug */ = {
			isa = XCBuildConfiguration;
			buildSettings = {
				BUNDLE_LOADER = "$(TEST_HOST)";
				CODE_SIGN_STYLE = Automatic;
				CURRENT_PROJECT_VERSION = 1;
				DEVELOPMENT_TEAM = Y9P7MGL9AC;
				GENERATE_INFOPLIST_FILE = YES;
				IPHONEOS_DEPLOYMENT_TARGET = 18.4;
				MARKETING_VERSION = 1.0;
				PRODUCT_BUNDLE_IDENTIFIER = edu.uw.ischool.yl0517.SoleMateTests;
				PRODUCT_NAME = "$(TARGET_NAME)";
				SWIFT_EMIT_LOC_STRINGS = NO;
				SWIFT_VERSION = 5.0;
				TARGETED_DEVICE_FAMILY = "1,2";
				TEST_HOST = "$(BUILT_PRODUCTS_DIR)/SoleMate.app/$(BUNDLE_EXECUTABLE_FOLDER_PATH)/SoleMate";
			};
			name = Debug;
		};
		1D4EED722DDC11C90047CA58 /* Release */ = {
			isa = XCBuildConfiguration;
			buildSettings = {
				BUNDLE_LOADER = "$(TEST_HOST)";
				CODE_SIGN_STYLE = Automatic;
				CURRENT_PROJECT_VERSION = 1;
				DEVELOPMENT_TEAM = Y9P7MGL9AC;
				GENERATE_INFOPLIST_FILE = YES;
				IPHONEOS_DEPLOYMENT_TARGET = 18.4;
				MARKETING_VERSION = 1.0;
				PRODUCT_BUNDLE_IDENTIFIER = edu.uw.ischool.yl0517.SoleMateTests;
				PRODUCT_NAME = "$(TARGET_NAME)";
				SWIFT_EMIT_LOC_STRINGS = NO;
				SWIFT_VERSION = 5.0;
				TARGETED_DEVICE_FAMILY = "1,2";
				TEST_HOST = "$(BUILT_PRODUCTS_DIR)/SoleMate.app/$(BUNDLE_EXECUTABLE_FOLDER_PATH)/SoleMate";
			};
			name = Release;
		};
		1D4EED742DDC11C90047CA58 /* Debug */ = {
			isa = XCBuildConfiguration;
			buildSettings = {
				CODE_SIGN_STYLE = Automatic;
				CURRENT_PROJECT_VERSION = 1;
				DEVELOPMENT_TEAM = 39P5KUQM7Y;
				GENERATE_INFOPLIST_FILE = YES;
				MARKETING_VERSION = 1.0;
				PRODUCT_BUNDLE_IDENTIFIER = edu.uw.ischool.yl0517.SoleMateUITests;
				PRODUCT_NAME = "$(TARGET_NAME)";
				SWIFT_EMIT_LOC_STRINGS = NO;
				SWIFT_VERSION = 5.0;
				TARGETED_DEVICE_FAMILY = "1,2";
				TEST_TARGET_NAME = SoleMate;
			};
			name = Debug;
		};
		1D4EED752DDC11C90047CA58 /* Release */ = {
			isa = XCBuildConfiguration;
			buildSettings = {
				CODE_SIGN_STYLE = Automatic;
				CURRENT_PROJECT_VERSION = 1;
				DEVELOPMENT_TEAM = 39P5KUQM7Y;
				GENERATE_INFOPLIST_FILE = YES;
				MARKETING_VERSION = 1.0;
				PRODUCT_BUNDLE_IDENTIFIER = edu.uw.ischool.yl0517.SoleMateUITests;
				PRODUCT_NAME = "$(TARGET_NAME)";
				SWIFT_EMIT_LOC_STRINGS = NO;
				SWIFT_VERSION = 5.0;
				TARGETED_DEVICE_FAMILY = "1,2";
				TEST_TARGET_NAME = SoleMate;
			};
			name = Release;
		};
/* End XCBuildConfiguration section */

/* Begin XCConfigurationList section */
		1D4EED472DDC11C80047CA58 /* Build configuration list for PBXProject "SoleMate" */ = {
			isa = XCConfigurationList;
			buildConfigurations = (
				1D4EED6B2DDC11C90047CA58 /* Debug */,
				1D4EED6C2DDC11C90047CA58 /* Release */,
			);
			defaultConfigurationIsVisible = 0;
			defaultConfigurationName = Release;
		};
		1D4EED6D2DDC11C90047CA58 /* Build configuration list for PBXNativeTarget "SoleMate" */ = {
			isa = XCConfigurationList;
			buildConfigurations = (
				1D4EED6E2DDC11C90047CA58 /* Debug */,
				1D4EED6F2DDC11C90047CA58 /* Release */,
			);
			defaultConfigurationIsVisible = 0;
			defaultConfigurationName = Release;
		};
		1D4EED702DDC11C90047CA58 /* Build configuration list for PBXNativeTarget "SoleMateTests" */ = {
			isa = XCConfigurationList;
			buildConfigurations = (
				1D4EED712DDC11C90047CA58 /* Debug */,
				1D4EED722DDC11C90047CA58 /* Release */,
			);
			defaultConfigurationIsVisible = 0;
			defaultConfigurationName = Release;
		};
		1D4EED732DDC11C90047CA58 /* Build configuration list for PBXNativeTarget "SoleMateUITests" */ = {
			isa = XCConfigurationList;
			buildConfigurations = (
				1D4EED742DDC11C90047CA58 /* Debug */,
				1D4EED752DDC11C90047CA58 /* Release */,
			);
			defaultConfigurationIsVisible = 0;
			defaultConfigurationName = Release;
		};
/* End XCConfigurationList section */

/* Begin XCRemoteSwiftPackageReference section */
		E0E849BC2DF68C0D009C458C /* XCRemoteSwiftPackageReference "firebase-ios-sdk" */ = {
			isa = XCRemoteSwiftPackageReference;
			repositoryURL = "https://github.com/firebase/firebase-ios-sdk";
			requirement = {
				kind = upToNextMajorVersion;
				minimumVersion = 11.14.0;
			};
		};
/* End XCRemoteSwiftPackageReference section */

/* Begin XCSwiftPackageProductDependency section */
		E0E849BD2DF68C0D009C458C /* FirebaseAuth */ = {
			isa = XCSwiftPackageProductDependency;
			package = E0E849BC2DF68C0D009C458C /* XCRemoteSwiftPackageReference "firebase-ios-sdk" */;
			productName = FirebaseAuth;
		};
		E0E849BF2DF68C0D009C458C /* FirebaseCore */ = {
			isa = XCSwiftPackageProductDependency;
			package = E0E849BC2DF68C0D009C458C /* XCRemoteSwiftPackageReference "firebase-ios-sdk" */;
			productName = FirebaseCore;
		};
		E0E849C12DF68C0D009C458C /* FirebaseDatabase */ = {
			isa = XCSwiftPackageProductDependency;
			package = E0E849BC2DF68C0D009C458C /* XCRemoteSwiftPackageReference "firebase-ios-sdk" */;
			productName = FirebaseDatabase;
		};
		E0E849C32DF68C0D009C458C /* FirebaseFirestore */ = {
			isa = XCSwiftPackageProductDependency;
			package = E0E849BC2DF68C0D009C458C /* XCRemoteSwiftPackageReference "firebase-ios-sdk" */;
			productName = FirebaseFirestore;
		};
		E0E849C52DF68C0D009C458C /* FirebaseStorage */ = {
			isa = XCSwiftPackageProductDependency;
			package = E0E849BC2DF68C0D009C458C /* XCRemoteSwiftPackageReference "firebase-ios-sdk" */;
			productName = FirebaseStorage;
		};
/* End XCSwiftPackageProductDependency section */
	};
	rootObject = 1D4EED442DDC11C80047CA58 /* Project object */;
}
